{
  "name": "chinese-quizes",
  "version": "1.0.0",
  "lockfileVersion": 2,
  "requires": true,
  "packages": {
    "": {
      "name": "chinese-quizes",
      "version": "1.0.0",
      "license": "ISC",
      "dependencies": {
        "chinese-tokenizer": "^2.4.0",
        "dotenv": "^16.0.0"
      }
    },
    "node_modules/chinese-tokenizer": {
      "version": "2.4.0",
      "resolved": "https://registry.npmjs.org/chinese-tokenizer/-/chinese-tokenizer-2.4.0.tgz",
      "integrity": "sha512-Bgj+CJAdtk9uQRdJfDTg55cpKH+cAQG7YwClSgggiWAD620QP4bAH4ZD8EHlEkKYDO3QLP7C0eQ+uzx6QJe/aw==",
      "dependencies": {
        "prettify-pinyin": "^0.1.5"
      }
    },
    "node_modules/dotenv": {
      "version": "16.0.0",
      "resolved": "https://registry.npmjs.org/dotenv/-/dotenv-16.0.0.tgz",
      "integrity": "sha512-qD9WU0MPM4SWLPJy/r2Be+2WgQj8plChsyrCNQzW/0WjvcJQiKQJ9mH3ZgB3fxbUUxgc/11ZJ0Fi5KiimWGz2Q==",
      "engines": {
        "node": ">=12"
      }
    },
    "node_modules/prettify-pinyin": {
      "version": "0.1.5",
      "resolved": "https://registry.npmjs.org/prettify-pinyin/-/prettify-pinyin-0.1.5.tgz",
      "integrity": "sha1-2h+eqPCHaMI8gwBkKW6sK+Bby1E="
    }
  },
  "dependencies": {
    "chinese-tokenizer": {
      "version": "2.4.0",
      "resolved": "https://registry.npmjs.org/chinese-tokenizer/-/chinese-tokenizer-2.4.0.tgz",
      "integrity": "sha512-Bgj+CJAdtk9uQRdJfDTg55cpKH+cAQG7YwClSgggiWAD620QP4bAH4ZD8EHlEkKYDO3QLP7C0eQ+uzx6QJe/aw==",
      "requires": {
        "prettify-pinyin": "^0.1.5"
      }
    },
    "dotenv": {
      "version": "16.0.0",
      "resolved": "https://registry.npmjs.org/dotenv/-/dotenv-16.0.0.tgz",
      "integrity": "sha512-qD9WU0MPM4SWLPJy/r2Be+2WgQj8plChsyrCNQzW/0WjvcJQiKQJ9mH3ZgB3fxbUUxgc/11ZJ0Fi5KiimWGz2Q=="
    },
    "prettify-pinyin": {
      "version": "0.1.5",
      "resolved": "https://registry.npmjs.org/prettify-pinyin/-/prettify-pinyin-0.1.5.tgz",
      "integrity": "sha1-2h+eqPCHaMI8gwBkKW6sK+Bby1E="
    }
  }
}
